{
  "version": 4,
  "terraform_version": "1.12.0",
  "serial": 5,
  "lineage": "667cb1e4-d4b4-9700-1446-1284ad8afcf5",
  "outputs": {},
  "resources": [
    {
      "mode": "managed",
      "type": "github_actions_repository_permissions",
      "name": "greviewer",
      "provider": "provider[\"registry.terraform.io/integrations/github\"]",
      "instances": [
        {
          "schema_version": 0,
          "attributes": {
            "allowed_actions": "selected",
            "allowed_actions_config": [
              {
                "github_owned_allowed": true,
                "patterns_allowed": [
                  "DeterminateSystems/*",
                  "dtolnay/rust-toolchain@*",
                  "hashicorp/setup-terraform@*",
                  "rhysd/action-setup-vim@*"
                ],
                "verified_allowed": false
              }
            ],
            "enabled": true,
            "id": "greviewer",
            "repository": "greviewer"
          },
          "sensitive_attributes": [],
          "identity_schema_version": 0,
          "private": "bnVsbA==",
          "dependencies": [
            "github_repository.greviewer"
          ]
        }
      ]
    },
    {
      "mode": "managed",
      "type": "github_branch_protection",
      "name": "main",
      "provider": "provider[\"registry.terraform.io/integrations/github\"]",
      "instances": [
        {
          "schema_version": 2,
          "attributes": {
            "allows_deletions": false,
            "allows_force_pushes": false,
            "enforce_admins": false,
            "force_push_bypassers": null,
            "id": "BPR_kwDOQ08iS84EQxvw",
            "lock_branch": false,
            "pattern": "main",
            "repository_id": "R_kgDOQ08iSw",
            "require_conversation_resolution": false,
            "require_signed_commits": false,
            "required_linear_history": true,
            "required_pull_request_reviews": [
              {
                "dismiss_stale_reviews": false,
                "dismissal_restrictions": null,
                "pull_request_bypassers": null,
                "require_code_owner_reviews": false,
                "require_last_push_approval": false,
                "required_approving_review_count": 0,
                "restrict_dismissals": false
              }
            ],
            "required_status_checks": [
              {
                "contexts": [
                  "Lua Tests (nightly)",
                  "Lua Tests (stable)",
                  "Rust (macos-latest)",
                  "Rust (ubuntu-latest)",
                  "Terraform"
                ],
                "strict": true
              }
            ],
            "restrict_pushes": []
          },
          "sensitive_attributes": [],
          "identity_schema_version": 0,
          "private": "eyJzY2hlbWFfdmVyc2lvbiI6IjIifQ==",
          "dependencies": [
            "github_repository.greviewer"
          ]
        }
      ]
    },
    {
      "mode": "managed",
      "type": "github_repository",
      "name": "greviewer",
      "provider": "provider[\"registry.terraform.io/integrations/github\"]",
      "instances": [
        {
          "schema_version": 1,
          "attributes": {
            "allow_auto_merge": true,
            "allow_merge_commit": false,
            "allow_rebase_merge": false,
            "allow_squash_merge": true,
            "allow_update_branch": false,
            "archive_on_destroy": null,
            "archived": false,
            "auto_init": false,
            "default_branch": "main",
            "delete_branch_on_merge": true,
            "description": "A Neovim plugin for reviewing GitHub pull requests directly in your editor",
            "etag": "W/\"d49864280eb81b37beb2b67e49beb2fed106b87c39c6ff4642100a1a2e827000\"",
            "fork": "false",
            "full_name": "dglsparsons/greviewer",
            "git_clone_url": "git://github.com/dglsparsons/greviewer.git",
            "gitignore_template": null,
            "has_discussions": false,
            "has_downloads": false,
            "has_issues": true,
            "has_projects": false,
            "has_wiki": false,
            "homepage_url": "",
            "html_url": "https://github.com/dglsparsons/greviewer",
            "http_clone_url": "https://github.com/dglsparsons/greviewer.git",
            "id": "greviewer",
            "ignore_vulnerability_alerts_during_read": null,
            "is_template": false,
            "license_template": null,
            "merge_commit_message": "PR_TITLE",
            "merge_commit_title": "MERGE_MESSAGE",
            "name": "greviewer",
            "node_id": "R_kgDOQ08iSw",
            "pages": [],
            "primary_language": "Lua",
            "private": false,
            "repo_id": 1129259595,
            "security_and_analysis": [
              {
                "advanced_security": [],
                "code_security": [],
                "secret_scanning": [
                  {
                    "status": "enabled"
                  }
                ],
                "secret_scanning_ai_detection": [],
                "secret_scanning_non_provider_patterns": [],
                "secret_scanning_push_protection": [
                  {
                    "status": "enabled"
                  }
                ]
              }
            ],
            "source_owner": "",
            "source_repo": "",
            "squash_merge_commit_message": "PR_BODY",
            "squash_merge_commit_title": "PR_TITLE",
            "ssh_clone_url": "git@github.com:dglsparsons/greviewer.git",
            "svn_url": "https://github.com/dglsparsons/greviewer",
            "template": [],
            "topics": [
              "code-review",
              "github",
              "lua",
              "neovim",
              "neovim-plugin",
              "pull-requests",
              "rust"
            ],
            "visibility": "public",
            "vulnerability_alerts": true,
            "web_commit_signoff_required": false
          },
          "sensitive_attributes": [],
          "identity_schema_version": 0,
          "private": "eyJzY2hlbWFfdmVyc2lvbiI6IjEifQ=="
        }
      ]
    }
  ],
  "check_results": null
}
